
Microsoft Visual Studio Solution File, Format Version 12.00
# Visual Studio Version 16
VisualStudioVersion = 16.0.31624.102
MinimumVisualStudioVersion = 10.0.40219.1
Project("{FAE04EC0-301F-11D3-BF4B-00C04F79EFBC}") = "SignalRTest", "SignalRTest\SignalRTest.csproj", "{ED9E1E83-7AA3-4A6C-9DBD-E1EFB08D367D}"
EndProject
Global
	GlobalSection(SolutionConfigurationPlatforms) = preSolution
		Debug|Any CPU = Debug|Any CPU
		Release|Any CPU = Release|Any CPU
	EndGlobalSection
	GlobalSection(ProjectConfigurationPlatforms) = postSolution
		{ED9E1E83-7AA3-4A6C-9DBD-E1EFB08D367D}.Debug|Any CPU.ActiveCfg = Debug|Any CPU
		{ED9E1E83-7AA3-4A6C-9DBD-E1EFB08D367D}.Debug|Any CPU.Build.0 = Debug|Any CPU
		{ED9E1E83-7AA3-4A6C-9DBD-E1EFB08D367D}.Release|Any CPU.ActiveCfg = Release|Any CPU
		{ED9E1E83-7AA3-4A6C-9DBD-E1EFB08D367D}.Release|Any CPU.Build.0 = Release|Any CPU
	EndGlobalSection
	GlobalSection(SolutionProperties) = preSolution
		HideSolutionNode = FALSE
	EndGlobalSection
	GlobalSection(ExtensibilityGlobals) = postSolution
		SolutionGuid = {259AEA58-6EDF-431C-83B1-E47C2D8CE51B}
	EndGlobalSection
EndGlobal
